
Microsoft Visual Studio Solution File, Format Version 12.00
# Visual Studio Version 16
VisualStudioVersion = 16.0.29709.97
MinimumVisualStudioVersion = 10.0.40219.1
Project("{FAE04EC0-301F-11D3-BF4B-00C04F79EFBC}") = "sweepstakes", "sweepstakes\sweepstakes.csproj", "{1068C37F-CAB5-4896-8FC0-AC225E9258CB}"
EndProject
Global
	GlobalSection(SolutionConfigurationPlatforms) = preSolution
		Debug|Any CPU = Debug|Any CPU
		Release|Any CPU = Release|Any CPU
	EndGlobalSection
	GlobalSection(ProjectConfigurationPlatforms) = postSolution
		{1068C37F-CAB5-4896-8FC0-AC225E9258CB}.Debug|Any CPU.ActiveCfg = Debug|Any CPU
		{1068C37F-CAB5-4896-8FC0-AC225E9258CB}.Debug|Any CPU.Build.0 = Debug|Any CPU
		{1068C37F-CAB5-4896-8FC0-AC225E9258CB}.Release|Any CPU.ActiveCfg = Release|Any CPU
		{1068C37F-CAB5-4896-8FC0-AC225E9258CB}.Release|Any CPU.Build.0 = Release|Any CPU
	EndGlobalSection
	GlobalSection(SolutionProperties) = preSolution
		HideSolutionNode = FALSE
	EndGlobalSection
	GlobalSection(ExtensibilityGlobals) = postSolution
		SolutionGuid = {1823AC0E-9BA6-427E-AB06-716E857B0909}
	EndGlobalSection
EndGlobal
